
Microsoft Visual Studio Solution File, Format Version 12.00
# Visual Studio Version 16
VisualStudioVersion = 16.0.29926.136
MinimumVisualStudioVersion = 10.0.40219.1
Project("{FAE04EC0-301F-11D3-BF4B-00C04F79EFBC}") = "IngameOverlay", "IngameOverlay\IngameOverlay.csproj", "{4204997B-131A-49A1-8539-0CFBFE49F539}"
EndProject
Project("{FAE04EC0-301F-11D3-BF4B-00C04F79EFBC}") = "Sync", "Sync\Sync.csproj", "{FBD514C2-2830-479E-B050-D1C383028456}"
EndProject
Project("{FAE04EC0-301F-11D3-BF4B-00C04F79EFBC}") = "OsuRTDataProvider", "OsuRTDataProvider\OsuRTDataProvider.csproj", "{D518DC59-CC9A-4886-839F-7691D5EFAE56}"
EndProject
Project("{FAE04EC0-301F-11D3-BF4B-00C04F79EFBC}") = "PublicOsuBotTransfer", "PublicBotTransferPlugin\PublicOsuBotTransfer.csproj", "{B9AF0F80-EE21-41B2-A1D8-877FE546BE65}"
EndProject
Global
	GlobalSection(SolutionConfigurationPlatforms) = preSolution
		Debug|Any CPU = Debug|Any CPU
		Debug|x64 = Debug|x64
		Debug|x86 = Debug|x86
		Release|Any CPU = Release|Any CPU
		Release|x64 = Release|x64
		Release|x86 = Release|x86
	EndGlobalSection
	GlobalSection(ProjectConfigurationPlatforms) = postSolution
		{4204997B-131A-49A1-8539-0CFBFE49F539}.Debug|Any CPU.ActiveCfg = Debug|Any CPU
		{4204997B-131A-49A1-8539-0CFBFE49F539}.Debug|Any CPU.Build.0 = Debug|Any CPU
		{4204997B-131A-49A1-8539-0CFBFE49F539}.Debug|x64.ActiveCfg = Debug|Any CPU
		{4204997B-131A-49A1-8539-0CFBFE49F539}.Debug|x64.Build.0 = Debug|Any CPU
		{4204997B-131A-49A1-8539-0CFBFE49F539}.Debug|x86.ActiveCfg = Debug|Any CPU
		{4204997B-131A-49A1-8539-0CFBFE49F539}.Debug|x86.Build.0 = Debug|Any CPU
		{4204997B-131A-49A1-8539-0CFBFE49F539}.Release|Any CPU.ActiveCfg = Release|Any CPU
		{4204997B-131A-49A1-8539-0CFBFE49F539}.Release|Any CPU.Build.0 = Release|Any CPU
		{4204997B-131A-49A1-8539-0CFBFE49F539}.Release|x64.ActiveCfg = Release|Any CPU
		{4204997B-131A-49A1-8539-0CFBFE49F539}.Release|x64.Build.0 = Release|Any CPU
		{4204997B-131A-49A1-8539-0CFBFE49F539}.Release|x86.ActiveCfg = Release|Any CPU
		{4204997B-131A-49A1-8539-0CFBFE49F539}.Release|x86.Build.0 = Release|Any CPU
		{FBD514C2-2830-479E-B050-D1C383028456}.Debug|Any CPU.ActiveCfg = Debug|Any CPU
		{FBD514C2-2830-479E-B050-D1C383028456}.Debug|Any CPU.Build.0 = Debug|Any CPU
		{FBD514C2-2830-479E-B050-D1C383028456}.Debug|x64.ActiveCfg = Debug|Any CPU
		{FBD514C2-2830-479E-B050-D1C383028456}.Debug|x64.Build.0 = Debug|Any CPU
		{FBD514C2-2830-479E-B050-D1C383028456}.Debug|x86.ActiveCfg = Debug|Any CPU
		{FBD514C2-2830-479E-B050-D1C383028456}.Debug|x86.Build.0 = Debug|Any CPU
		{FBD514C2-2830-479E-B050-D1C383028456}.Release|Any CPU.ActiveCfg = Release|Any CPU
		{FBD514C2-2830-479E-B050-D1C383028456}.Release|Any CPU.Build.0 = Release|Any CPU
		{FBD514C2-2830-479E-B050-D1C383028456}.Release|x64.ActiveCfg = Release|Any CPU
		{FBD514C2-2830-479E-B050-D1C383028456}.Release|x64.Build.0 = Release|Any CPU
		{FBD514C2-2830-479E-B050-D1C383028456}.Release|x86.ActiveCfg = Release|Any CPU
		{FBD514C2-2830-479E-B050-D1C383028456}.Release|x86.Build.0 = Release|Any CPU
		{D518DC59-CC9A-4886-839F-7691D5EFAE56}.Debug|Any CPU.ActiveCfg = Debug|Any CPU
		{D518DC59-CC9A-4886-839F-7691D5EFAE56}.Debug|Any CPU.Build.0 = Debug|Any CPU
		{D518DC59-CC9A-4886-839F-7691D5EFAE56}.Debug|x64.ActiveCfg = Debug|x64
		{D518DC59-CC9A-4886-839F-7691D5EFAE56}.Debug|x64.Build.0 = Debug|x64
		{D518DC59-CC9A-4886-839F-7691D5EFAE56}.Debug|x86.ActiveCfg = Debug|x86
		{D518DC59-CC9A-4886-839F-7691D5EFAE56}.Debug|x86.Build.0 = Debug|x86
		{D518DC59-CC9A-4886-839F-7691D5EFAE56}.Release|Any CPU.ActiveCfg = Release|Any CPU
		{D518DC59-CC9A-4886-839F-7691D5EFAE56}.Release|Any CPU.Build.0 = Release|Any CPU
		{D518DC59-CC9A-4886-839F-7691D5EFAE56}.Release|x64.ActiveCfg = Release|x64
		{D518DC59-CC9A-4886-839F-7691D5EFAE56}.Release|x64.Build.0 = Release|x64
		{D518DC59-CC9A-4886-839F-7691D5EFAE56}.Release|x86.ActiveCfg = Release|x86
		{D518DC59-CC9A-4886-839F-7691D5EFAE56}.Release|x86.Build.0 = Release|x86
		{B9AF0F80-EE21-41B2-A1D8-877FE546BE65}.Debug|Any CPU.ActiveCfg = Debug|Any CPU
		{B9AF0F80-EE21-41B2-A1D8-877FE546BE65}.Debug|Any CPU.Build.0 = Debug|Any CPU
		{B9AF0F80-EE21-41B2-A1D8-877FE546BE65}.Debug|x64.ActiveCfg = Debug|Any CPU
		{B9AF0F80-EE21-41B2-A1D8-877FE546BE65}.Debug|x64.Build.0 = Debug|Any CPU
		{B9AF0F80-EE21-41B2-A1D8-877FE546BE65}.Debug|x86.ActiveCfg = Debug|Any CPU
		{B9AF0F80-EE21-41B2-A1D8-877FE546BE65}.Debug|x86.Build.0 = Debug|Any CPU
		{B9AF0F80-EE21-41B2-A1D8-877FE546BE65}.Release|Any CPU.ActiveCfg = Release|Any CPU
		{B9AF0F80-EE21-41B2-A1D8-877FE546BE65}.Release|Any CPU.Build.0 = Release|Any CPU
		{B9AF0F80-EE21-41B2-A1D8-877FE546BE65}.Release|x64.ActiveCfg = Release|Any CPU
		{B9AF0F80-EE21-41B2-A1D8-877FE546BE65}.Release|x64.Build.0 = Release|Any CPU
		{B9AF0F80-EE21-41B2-A1D8-877FE546BE65}.Release|x86.ActiveCfg = Release|Any CPU
		{B9AF0F80-EE21-41B2-A1D8-877FE546BE65}.Release|x86.Build.0 = Release|Any CPU
	EndGlobalSection
	GlobalSection(SolutionProperties) = preSolution
		HideSolutionNode = FALSE
	EndGlobalSection
	GlobalSection(ExtensibilityGlobals) = postSolution
		SolutionGuid = {CC9B004A-E871-436E-B626-289E13439F99}
	EndGlobalSection
EndGlobal
